{
  "originHash" : "ed495177bb499bb1b7bdc00f3b3e1b86879a7d26848604b1b1d779792928f6e6",
  "pins" : [
    {
      "identity" : "tomldecoder",
      "kind" : "remoteSourceControl",
      "location" : "https://github.com/dduan/TOMLDecoder.git",
      "state" : {
        "revision" : "f4388e05c035d6430e94022c353123abc020f1c4",
        "version" : "0.4.3"
      }
    }
  ],
  "version" : 3
}
